<?xml version="1.0" encoding="UTF-8" standalone="yes" ?>
<CodeBlocks_project_file>
	<FileVersion major="1" minor="6" />
	<Project>
		<Option title="teset_cpu_pipeline_sim" />
		<Option pch_mode="2" />
		<Option compiler="gcc" />
		<Build>
			<Target title="Debug">
				<Option output="bin/Debug/teset_cpu_pipeline_sim" prefix_auto="1" extension_auto="1" />
				<Option object_output="obj/Debug/" />
				<Option type="1" />
				<Option compiler="gcc" />
				<Option parameters="cpu_pipeline_sim/old_2.asm" />
				<Compiler>
					<Add option="-g" />
					<Add directory="../teset_cpu_pipeline_sim" />
					<Add directory="cpu_pipeline_sim" />
				</Compiler>
			</Target>
			<Target title="Release">
				<Option output="bin/Release/teset_cpu_pipeline_sim" prefix_auto="1" extension_auto="1" />
				<Option object_output="obj/Release/" />
				<Option type="1" />
				<Option compiler="gcc" />
				<Compiler>
					<Add option="-O2" />
				</Compiler>
				<Linker>
					<Add option="-s" />
				</Linker>
			</Target>
		</Build>
		<Compiler>
			<Add option="-Wall" />
		</Compiler>
		<Unit filename="cpu_pipeline_sim/apex_cpu.c">
			<Option compilerVar="CC" />
		</Unit>
		<Unit filename="cpu_pipeline_sim/apex_cpu.h" />
		<Unit filename="cpu_pipeline_sim/apex_defs.h" />
		<Unit filename="cpu_pipeline_sim/file_parser.c">
			<Option compilerVar="CC" />
		</Unit>
		<Unit filename="cpu_pipeline_sim/main.c">
			<Option compilerVar="CC" />
		</Unit>
		<Unit filename="utils.c">
			<Option compilerVar="CC" />
		</Unit>
		<Unit filename="utils.h" />
		<Extensions>
			<code_completion />
			<envvars />
			<debugger />
			<lib_finder disable_auto="1" />
		</Extensions>
	</Project>
</CodeBlocks_project_file>
