<?xml version="1.0" encoding="UTF-8" standalone="yes" ?>
<CodeBlocks_project_file>
	<FileVersion major="1" minor="6" />
	<Project>
		<Option title="test_glew" />
		<Option pch_mode="2" />
		<Option compiler="gcc" />
		<Build>
			<Target title="Debug">
				<Option output="bin/Debug/test_glew" prefix_auto="1" extension_auto="1" />
				<Option object_output="obj/Debug/" />
				<Option type="1" />
				<Option compiler="gcc" />
				<Compiler>
					<Add option="-g" />
					<Add option="-D_WIN32" />
					<Add option="-D__MINGW32__" />
					<Add option="-DGLEW_STATIC" />
					<Add option="-DGLEW_NO_GLU" />
					<Add directory="glew-2.1.0/include" />
				</Compiler>
				<Linker>
					<Add library="../../../../_portable/codeblocks-17.12mingw/MinGW/lib/libopengl32.a" />
					<Add library="../../../../_portable/codeblocks-17.12mingw/MinGW/lib/libgdi32.a" />
					<Add library="../../../../_portable/codeblocks-17.12mingw/MinGW/lib/libkernel32.a" />
					<Add library="../../../../_portable/codeblocks-17.12mingw/MinGW/lib/libuser32.a" />
					<Add library="../../../../_portable/codeblocks-17.12mingw/MinGW/lib/libglu32.a" />
				</Linker>
			</Target>
			<Target title="Release">
				<Option output="bin/Release/test_glew" prefix_auto="1" extension_auto="1" />
				<Option object_output="obj/Release/" />
				<Option type="1" />
				<Option compiler="gcc" />
				<Compiler>
					<Add option="-O2" />
				</Compiler>
				<Linker>
					<Add option="-s" />
				</Linker>
			</Target>
		</Build>
		<Compiler>
			<Add option="-Wall" />
		</Compiler>
		<Unit filename="glew-2.1.0/include/GL/eglew.h" />
		<Unit filename="glew-2.1.0/include/GL/glew.h" />
		<Unit filename="glew-2.1.0/include/GL/glxew.h" />
		<Unit filename="glew-2.1.0/include/GL/wglew.h" />
		<Unit filename="glew-2.1.0/src/glew.c">
			<Option compilerVar="CC" />
		</Unit>
		<Unit filename="glew-2.1.0/src/glewinfo.c">
			<Option compilerVar="CC" />
		</Unit>
		<Extensions>
			<code_completion />
			<envvars />
			<debugger />
		</Extensions>
	</Project>
</CodeBlocks_project_file>
