<?xml version="1.0" encoding="UTF-8" standalone="yes" ?>
<CodeBlocks_project_file>
	<FileVersion major="1" minor="6" />
	<Project>
		<Option title="test_freertos" />
		<Option pch_mode="2" />
		<Option compiler="gcc" />
		<Build>
			<Target title="Debug">
				<Option output="bin/Debug/test_freertos" prefix_auto="1" extension_auto="1" />
				<Option object_output="obj/Debug/" />
				<Option type="1" />
				<Option compiler="gcc" />
				<Compiler>
					<Add option="-g" />
					<Add directory="FreeRTOS/include" />
					<Add directory="FreeRTOS/portable/MSVC-MingW" />
					<Add directory="Demo/Common/include" />
					<Add directory="Demo/WIN32-MSVC" />
					<Add directory="Demo/WIN32-MSVC/Trace_Recorder_Configuration" />
					<Add directory="FreeRTOS_Trace/Include" />
				</Compiler>
				<Linker>
					<Add library="../../../../_portable/codeblocks-17.12mingw/MinGW/lib/libwinmm.a" />
				</Linker>
			</Target>
			<Target title="Release">
				<Option output="bin/Release/test_freertos" prefix_auto="1" extension_auto="1" />
				<Option object_output="obj/Release/" />
				<Option type="1" />
				<Option compiler="gcc" />
				<Compiler>
					<Add option="-O2" />
				</Compiler>
				<Linker>
					<Add option="-s" />
				</Linker>
			</Target>
		</Build>
		<Compiler>
			<Add option="-Wall" />
		</Compiler>
		<Unit filename="Demo/Common/Minimal/AbortDelay.c">
			<Option compilerVar="CC" />
		</Unit>
		<Unit filename="Demo/Common/Minimal/BlockQ.c">
			<Option compilerVar="CC" />
		</Unit>
		<Unit filename="Demo/Common/Minimal/EventGroupsDemo.c">
			<Option compilerVar="CC" />
		</Unit>
		<Unit filename="Demo/Common/Minimal/GenQTest.c">
			<Option compilerVar="CC" />
		</Unit>
		<Unit filename="Demo/Common/Minimal/IntSemTest.c">
			<Option compilerVar="CC" />
		</Unit>
		<Unit filename="Demo/Common/Minimal/MessageBufferAMP.c">
			<Option compilerVar="CC" />
		</Unit>
		<Unit filename="Demo/Common/Minimal/MessageBufferDemo.c">
			<Option compilerVar="CC" />
		</Unit>
		<Unit filename="Demo/Common/Minimal/PollQ.c">
			<Option compilerVar="CC" />
		</Unit>
		<Unit filename="Demo/Common/Minimal/QPeek.c">
			<Option compilerVar="CC" />
		</Unit>
		<Unit filename="Demo/Common/Minimal/QueueOverwrite.c">
			<Option compilerVar="CC" />
		</Unit>
		<Unit filename="Demo/Common/Minimal/QueueSet.c">
			<Option compilerVar="CC" />
		</Unit>
		<Unit filename="Demo/Common/Minimal/QueueSetPolling.c">
			<Option compilerVar="CC" />
		</Unit>
		<Unit filename="Demo/Common/Minimal/StaticAllocation.c">
			<Option compilerVar="CC" />
		</Unit>
		<Unit filename="Demo/Common/Minimal/StreamBufferDemo.c">
			<Option compilerVar="CC" />
		</Unit>
		<Unit filename="Demo/Common/Minimal/StreamBufferInterrupt.c">
			<Option compilerVar="CC" />
		</Unit>
		<Unit filename="Demo/Common/Minimal/TaskNotify.c">
			<Option compilerVar="CC" />
		</Unit>
		<Unit filename="Demo/Common/Minimal/TaskNotifyArray.c">
			<Option compilerVar="CC" />
		</Unit>
		<Unit filename="Demo/Common/Minimal/TimerDemo.c">
			<Option compilerVar="CC" />
		</Unit>
		<Unit filename="Demo/Common/Minimal/blocktim.c">
			<Option compilerVar="CC" />
		</Unit>
		<Unit filename="Demo/Common/Minimal/countsem.c">
			<Option compilerVar="CC" />
		</Unit>
		<Unit filename="Demo/Common/Minimal/death.c">
			<Option compilerVar="CC" />
		</Unit>
		<Unit filename="Demo/Common/Minimal/dynamic.c">
			<Option compilerVar="CC" />
		</Unit>
		<Unit filename="Demo/Common/Minimal/flop.c">
			<Option compilerVar="CC" />
		</Unit>
		<Unit filename="Demo/Common/Minimal/integer.c">
			<Option compilerVar="CC" />
		</Unit>
		<Unit filename="Demo/Common/Minimal/readme.txt" />
		<Unit filename="Demo/Common/Minimal/recmutex.c">
			<Option compilerVar="CC" />
		</Unit>
		<Unit filename="Demo/Common/Minimal/semtest.c">
			<Option compilerVar="CC" />
		</Unit>
		<Unit filename="Demo/WIN32-MSVC/FreeRTOSConfig.h" />
		<Unit filename="Demo/WIN32-MSVC/Run-time-stats-utils.c">
			<Option compilerVar="CC" />
		</Unit>
		<Unit filename="Demo/WIN32-MSVC/Trace_Recorder_Configuration/trcConfig.h" />
		<Unit filename="Demo/WIN32-MSVC/Trace_Recorder_Configuration/trcSnapshotConfig.h" />
		<Unit filename="Demo/WIN32-MSVC/main.c">
			<Option compilerVar="CC" />
		</Unit>
		<Unit filename="Demo/WIN32-MSVC/main_blinky.c">
			<Option compilerVar="CC" />
		</Unit>
		<Unit filename="Demo/WIN32-MSVC/main_full.c">
			<Option compilerVar="CC" />
		</Unit>
		<Unit filename="FreeRTOS/croutine.c">
			<Option compilerVar="CC" />
		</Unit>
		<Unit filename="FreeRTOS/event_groups.c">
			<Option compilerVar="CC" />
		</Unit>
		<Unit filename="FreeRTOS/include/FreeRTOS.h" />
		<Unit filename="FreeRTOS/include/StackMacros.h" />
		<Unit filename="FreeRTOS/include/atomic.h" />
		<Unit filename="FreeRTOS/include/croutine.h" />
		<Unit filename="FreeRTOS/include/deprecated_definitions.h" />
		<Unit filename="FreeRTOS/include/event_groups.h" />
		<Unit filename="FreeRTOS/include/list.h" />
		<Unit filename="FreeRTOS/include/message_buffer.h" />
		<Unit filename="FreeRTOS/include/mpu_prototypes.h" />
		<Unit filename="FreeRTOS/include/mpu_wrappers.h" />
		<Unit filename="FreeRTOS/include/portable.h" />
		<Unit filename="FreeRTOS/include/projdefs.h" />
		<Unit filename="FreeRTOS/include/queue.h" />
		<Unit filename="FreeRTOS/include/semphr.h" />
		<Unit filename="FreeRTOS/include/stack_macros.h" />
		<Unit filename="FreeRTOS/include/stream_buffer.h" />
		<Unit filename="FreeRTOS/include/task.h" />
		<Unit filename="FreeRTOS/include/timers.h" />
		<Unit filename="FreeRTOS/list.c">
			<Option compilerVar="CC" />
		</Unit>
		<Unit filename="FreeRTOS/portable/MSVC-MingW/port.c">
			<Option compilerVar="CC" />
		</Unit>
		<Unit filename="FreeRTOS/portable/MSVC-MingW/portmacro.h" />
		<Unit filename="FreeRTOS/portable/MemMang/heap_5.c">
			<Option compilerVar="CC" />
		</Unit>
		<Unit filename="FreeRTOS/queue.c">
			<Option compilerVar="CC" />
		</Unit>
		<Unit filename="FreeRTOS/stream_buffer.c">
			<Option compilerVar="CC" />
		</Unit>
		<Unit filename="FreeRTOS/tasks.c">
			<Option compilerVar="CC" />
		</Unit>
		<Unit filename="FreeRTOS/timers.c">
			<Option compilerVar="CC" />
		</Unit>
		<Unit filename="FreeRTOS_Trace/trcKernelPort.c">
			<Option compilerVar="CC" />
		</Unit>
		<Unit filename="FreeRTOS_Trace/trcSnapshotRecorder.c">
			<Option compilerVar="CC" />
		</Unit>
		<Unit filename="FreeRTOS_Trace/trcStreamingRecorder.c">
			<Option compilerVar="CC" />
		</Unit>
		<Extensions>
			<code_completion />
			<envvars />
			<debugger />
			<lib_finder disable_auto="1" />
		</Extensions>
	</Project>
</CodeBlocks_project_file>
