<?xml version="1.0" encoding="UTF-8" standalone="yes" ?>
<CodeBlocks_project_file>
	<FileVersion major="1" minor="6" />
	<Project>
		<Option title="test_SystemC" />
		<Option pch_mode="2" />
		<Option compiler="gcc" />
		<Build>
			<Target title="Debug">
				<Option output="bin/Debug/test_SystemC" prefix_auto="1" extension_auto="1" />
				<Option object_output="obj/Debug/" />
				<Option type="1" />
				<Option compiler="gcc" />
				<Compiler>
					<Add option="-g" />
					<Add option="-std=c++11" />
					<Add directory="systemc-2.3.3/include" />
					<Add directory="risc_cpu" />
				</Compiler>
				<Linker>
					<Add option="-std=c++11" />
					<Add library="systemc-2.3.3/lib/libsystemc.a" />
					<Add directory="systemc-2.3.3/lib" />
				</Linker>
			</Target>
			<Target title="Release">
				<Option output="bin/Release/test_SystemC" prefix_auto="1" extension_auto="1" />
				<Option object_output="obj/Release/" />
				<Option type="1" />
				<Option compiler="gcc" />
				<Compiler>
					<Add option="-O2" />
				</Compiler>
				<Linker>
					<Add option="-s" />
				</Linker>
			</Target>
		</Build>
		<Compiler>
			<Add option="-Wall" />
			<Add option="-fexceptions" />
		</Compiler>
		<Unit filename="risc_cpu/bios.cpp" />
		<Unit filename="risc_cpu/bios.h" />
		<Unit filename="risc_cpu/dcache.cpp" />
		<Unit filename="risc_cpu/dcache.h" />
		<Unit filename="risc_cpu/decode.cpp" />
		<Unit filename="risc_cpu/decode.h" />
		<Unit filename="risc_cpu/directive.h" />
		<Unit filename="risc_cpu/exec.cpp" />
		<Unit filename="risc_cpu/exec.h" />
		<Unit filename="risc_cpu/fetch.cpp" />
		<Unit filename="risc_cpu/fetch.h" />
		<Unit filename="risc_cpu/floating.cpp" />
		<Unit filename="risc_cpu/floating.h" />
		<Unit filename="risc_cpu/icache.cpp" />
		<Unit filename="risc_cpu/icache.h" />
		<Unit filename="risc_cpu/main.cpp" />
		<Unit filename="risc_cpu/mmxu.cpp" />
		<Unit filename="risc_cpu/mmxu.h" />
		<Unit filename="risc_cpu/paging.cpp" />
		<Unit filename="risc_cpu/paging.h" />
		<Unit filename="risc_cpu/pic.cpp" />
		<Unit filename="risc_cpu/pic.h" />
		<Extensions>
			<code_completion />
			<envvars />
			<debugger />
			<lib_finder disable_auto="1" />
		</Extensions>
	</Project>
</CodeBlocks_project_file>
