<?xml version="1.0" encoding="UTF-8" standalone="yes" ?>
<CodeBlocks_project_file>
	<FileVersion major="1" minor="6" />
	<Project>
		<Option title="test_lwmesh" />
		<Option pch_mode="2" />
		<Option compiler="gcc" />
		<Build>
			<Target title="Debug">
				<Option output="bin/Debug/test_lwmesh" prefix_auto="1" extension_auto="1" />
				<Option object_output="obj/Debug/" />
				<Option type="1" />
				<Option compiler="gcc" />
				<Option parameters="-n 3" />
				<Compiler>
					<Add option="-g" />
					<Add option="-DNWK_ENABLE_ROUTING" />
					<Add option="-DNWK_ENABLE_SECURITY" />
					<Add directory="../../../../_portable/codeblocks-17.12mingw/MinGW/include" />
					<Add directory="../my_test" />
					<Add directory="lwmesh" />
					<Add directory="lwmesh/nwk" />
				</Compiler>
				<Linker>
					<Add library="D:/_portable/codeblocks-17.12mingw/MinGW/lib/libkernel32.a" />
					<Add library="D:/_portable/codeblocks-17.12mingw/MinGW/lib/libpthread.a" />
					<Add directory="../../../../_portable/codeblocks-17.12mingw/MinGW/lib" />
				</Linker>
			</Target>
			<Target title="Release">
				<Option output="bin/Release/test_lwmesh" prefix_auto="1" extension_auto="1" />
				<Option object_output="obj/Release/" />
				<Option type="1" />
				<Option compiler="gcc" />
				<Compiler>
					<Add option="-O2" />
				</Compiler>
				<Linker>
					<Add option="-s" />
				</Linker>
			</Target>
		</Build>
		<Compiler>
			<Add option="-Wall" />
		</Compiler>
		<Unit filename="log.c">
			<Option compilerVar="CC" />
		</Unit>
		<Unit filename="log.h" />
		<Unit filename="lwmesh/crc16.c">
			<Option compilerVar="CC" />
		</Unit>
		<Unit filename="lwmesh/crc16.h" />
		<Unit filename="lwmesh/lwmesh.c">
			<Option compilerVar="CC" />
		</Unit>
		<Unit filename="lwmesh/lwmesh.h" />
		<Unit filename="lwmesh/nwk/nwk.c">
			<Option compilerVar="CC" />
		</Unit>
		<Unit filename="lwmesh/nwk/nwk.h" />
		<Unit filename="lwmesh/nwk/nwkCommand.h" />
		<Unit filename="lwmesh/nwk/nwkDataReq.c">
			<Option compilerVar="CC" />
		</Unit>
		<Unit filename="lwmesh/nwk/nwkDataReq.h" />
		<Unit filename="lwmesh/nwk/nwkFrame.c">
			<Option compilerVar="CC" />
		</Unit>
		<Unit filename="lwmesh/nwk/nwkFrame.h" />
		<Unit filename="lwmesh/nwk/nwkGroup.c">
			<Option compilerVar="CC" />
		</Unit>
		<Unit filename="lwmesh/nwk/nwkGroup.h" />
		<Unit filename="lwmesh/nwk/nwkRoute.c">
			<Option compilerVar="CC" />
		</Unit>
		<Unit filename="lwmesh/nwk/nwkRoute.h" />
		<Unit filename="lwmesh/nwk/nwkRouteDiscovery.c">
			<Option compilerVar="CC" />
		</Unit>
		<Unit filename="lwmesh/nwk/nwkRouteDiscovery.h" />
		<Unit filename="lwmesh/nwk/nwkRx.c">
			<Option compilerVar="CC" />
		</Unit>
		<Unit filename="lwmesh/nwk/nwkRx.h" />
		<Unit filename="lwmesh/nwk/nwkSecurity.c">
			<Option compilerVar="CC" />
		</Unit>
		<Unit filename="lwmesh/nwk/nwkSecurity.h" />
		<Unit filename="lwmesh/nwk/nwkTx.c">
			<Option compilerVar="CC" />
		</Unit>
		<Unit filename="lwmesh/nwk/nwkTx.h" />
		<Unit filename="lwmesh/nwk/nwk_config.h" />
		<Unit filename="lwmesh/nwk/nwk_dev.h" />
		<Unit filename="lwmesh/nwk/sysTimer.c">
			<Option compilerVar="CC" />
		</Unit>
		<Unit filename="lwmesh/nwk/sysTimer.h" />
		<Unit filename="main.c">
			<Option compilerVar="CC" />
		</Unit>
		<Unit filename="msg_box.h" />
		<Unit filename="rbi.c">
			<Option compilerVar="CC" />
		</Unit>
		<Unit filename="rbi.h" />
		<Unit filename="scheduler.c">
			<Option compilerVar="CC" />
		</Unit>
		<Unit filename="scheduler.h" />
		<Unit filename="sys_time.c">
			<Option compilerVar="CC" />
		</Unit>
		<Unit filename="sys_time.h" />
		<Unit filename="usr_ev_maker.c">
			<Option compilerVar="CC" />
		</Unit>
		<Unit filename="usr_ev_maker.h" />
		<Unit filename="virtual_phy.c">
			<Option compilerVar="CC" />
		</Unit>
		<Unit filename="virtual_phy.h" />
		<Extensions>
			<code_completion />
			<envvars />
			<debugger />
			<lib_finder disable_auto="1" />
		</Extensions>
	</Project>
</CodeBlocks_project_file>
