<?xml version="1.0" encoding="UTF-8" standalone="yes" ?>
<CodeBlocks_project_file>
	<FileVersion major="1" minor="6" />
	<Project>
		<Option title="test_znFAT" />
		<Option pch_mode="2" />
		<Option compiler="gcc" />
		<Build>
			<Target title="Debug">
				<Option output="bin/Debug/test_znFAT" prefix_auto="1" extension_auto="1" />
				<Option object_output="obj/Debug/" />
				<Option type="1" />
				<Option compiler="gcc" />
				<Compiler>
					<Add option="-g" />
					<Add directory="znFAT" />
				</Compiler>
			</Target>
			<Target title="Release">
				<Option output="bin/Release/test_znFAT" prefix_auto="1" extension_auto="1" />
				<Option object_output="obj/Release/" />
				<Option type="1" />
				<Option compiler="gcc" />
				<Compiler>
					<Add option="-O2" />
				</Compiler>
				<Linker>
					<Add option="-s" />
				</Linker>
			</Target>
		</Build>
		<Compiler>
			<Add option="-Wall" />
		</Compiler>
		<Unit filename="main.c">
			<Option compilerVar="CC" />
		</Unit>
		<Unit filename="znFAT/cc_macro.h" />
		<Unit filename="znFAT/config.h" />
		<Unit filename="znFAT/deviceio.c">
			<Option compilerVar="CC" />
		</Unit>
		<Unit filename="znFAT/deviceio.h" />
		<Unit filename="znFAT/gb2uni.h" />
		<Unit filename="znFAT/mytype.h" />
		<Unit filename="znFAT/template.h" />
		<Unit filename="znFAT/znFAT.c">
			<Option compilerVar="CC" />
		</Unit>
		<Unit filename="znFAT/znFAT.h" />
		<Extensions>
			<code_completion />
			<envvars />
			<debugger />
		</Extensions>
	</Project>
</CodeBlocks_project_file>
