<?xml version="1.0" encoding="UTF-8" standalone="yes" ?>
<CodeBlocks_project_file>
	<FileVersion major="1" minor="6" />
	<Project>
		<Option title="test_libevent" />
		<Option pch_mode="2" />
		<Option compiler="gcc" />
		<Build>
			<Target title="Debug">
				<Option output="bin/Debug/test_libevent" prefix_auto="1" extension_auto="1" />
				<Option object_output="obj/Debug/" />
				<Option type="1" />
				<Option compiler="gcc" />
				<Compiler>
					<Add option="-std=c99" />
					<Add option="-g" />
					<Add option="-DWIN32" />
					<Add option="-DHAVE_CONFIG_H" />
					<Add option="-D_MSC_VER" />
					<Add option="-DUSE_DEBUG" />
					<Add directory="../test_libevent" />
				</Compiler>
				<Linker>
					<Add library="../../../../_portable/codeblocks-17.12mingw/MinGW/lib/libws2_32.a" />
					<Add library="../../../../_portable/codeblocks-17.12mingw/MinGW/lib/libkernel32.a" />
				</Linker>
			</Target>
			<Target title="Release">
				<Option output="bin/Release/test_libevent" prefix_auto="1" extension_auto="1" />
				<Option object_output="obj/Release/" />
				<Option type="1" />
				<Option compiler="gcc" />
				<Compiler>
					<Add option="-O2" />
				</Compiler>
				<Linker>
					<Add option="-s" />
				</Linker>
			</Target>
		</Build>
		<Compiler>
			<Add option="-Wall" />
		</Compiler>
		<Unit filename="buffer.c">
			<Option compilerVar="CC" />
		</Unit>
		<Unit filename="config.h" />
		<Unit filename="evbuffer.c">
			<Option compilerVar="CC" />
		</Unit>
		<Unit filename="evdns.c">
			<Option compilerVar="CC" />
		</Unit>
		<Unit filename="evdns.h" />
		<Unit filename="event-config.h" />
		<Unit filename="event-internal.h" />
		<Unit filename="event.c">
			<Option compilerVar="CC" />
		</Unit>
		<Unit filename="event.h" />
		<Unit filename="event_tagging.c">
			<Option compilerVar="CC" />
		</Unit>
		<Unit filename="evhttp.h" />
		<Unit filename="evrpc-internal.h" />
		<Unit filename="evrpc.c">
			<Option compilerVar="CC" />
		</Unit>
		<Unit filename="evrpc.h" />
		<Unit filename="evsignal.h" />
		<Unit filename="evutil.c">
			<Option compilerVar="CC" />
		</Unit>
		<Unit filename="evutil.h" />
		<Unit filename="http-internal.h" />
		<Unit filename="http.c">
			<Option compilerVar="CC" />
		</Unit>
		<Unit filename="log.c">
			<Option compilerVar="CC" />
		</Unit>
		<Unit filename="log.h" />
		<Unit filename="main.c">
			<Option compilerVar="CC" />
		</Unit>
		<Unit filename="min_heap.h" />
		<Unit filename="signal.c">
			<Option compilerVar="CC" />
		</Unit>
		<Unit filename="strlcpy-internal.h" />
		<Unit filename="strlcpy.c">
			<Option compilerVar="CC" />
		</Unit>
		<Unit filename="win32.c">
			<Option compilerVar="CC" />
		</Unit>
		<Extensions>
			<code_completion />
			<envvars />
			<debugger />
			<lib_finder disable_auto="1" />
		</Extensions>
	</Project>
</CodeBlocks_project_file>
